<?xml version="1.0" encoding="utf-8"?>
<Project ToolsVersion="4.0" xmlns="http://schemas.microsoft.com/developer/msbuild/2003">
  <ItemGroup>
    <ClCompile Include="src\llama-adapter.cpp">
      <Filter>src</Filter>
    </ClCompile>
    <ClCompile Include="src\llama-arch.cpp">
      <Filter>src</Filter>
    </ClCompile>
    <ClCompile Include="src\llama-batch.cpp">
      <Filter>src</Filter>
    </ClCompile>
    <ClCompile Include="src\llama-chat.cpp">
      <Filter>src</Filter>
    </ClCompile>
    <ClCompile Include="src\llama-context.cpp">
      <Filter>src</Filter>
    </ClCompile>
    <ClCompile Include="src\llama-cparams.cpp">
      <Filter>src</Filter>
    </ClCompile>
    <ClCompile Include="src\llama-grammar.cpp">
      <Filter>src</Filter>
    </ClCompile>
    <ClCompile Include="src\llama-graph.cpp">
      <Filter>src</Filter>
    </ClCompile>
    <ClCompile Include="src\llama-hparams.cpp">
      <Filter>src</Filter>
    </ClCompile>
    <ClCompile Include="src\llama-impl.cpp">
      <Filter>src</Filter>
    </ClCompile>
    <ClCompile Include="src\llama-io.cpp">
      <Filter>src</Filter>
    </ClCompile>
    <ClCompile Include="src\llama-kv-cache-iswa.cpp">
      <Filter>src</Filter>
    </ClCompile>
    <ClCompile Include="src\llama-kv-cache.cpp">
      <Filter>src</Filter>
    </ClCompile>
    <ClCompile Include="src\llama-memory-hybrid.cpp">
      <Filter>src</Filter>
    </ClCompile>
    <ClCompile Include="src\llama-memory-recurrent.cpp">
      <Filter>src</Filter>
    </ClCompile>
    <ClCompile Include="src\llama-memory.cpp">
      <Filter>src</Filter>
    </ClCompile>
    <ClCompile Include="src\llama-mmap.cpp">
      <Filter>src</Filter>
    </ClCompile>
    <ClCompile Include="src\llama-model-loader.cpp">
      <Filter>src</Filter>
    </ClCompile>
    <ClCompile Include="src\llama-model-saver.cpp">
      <Filter>src</Filter>
    </ClCompile>
    <ClCompile Include="src\llama-model.cpp">
      <Filter>src</Filter>
    </ClCompile>
    <ClCompile Include="src\llama-quant.cpp">
      <Filter>src</Filter>
    </ClCompile>
    <ClCompile Include="src\llama-sampling.cpp">
      <Filter>src</Filter>
    </ClCompile>
    <ClCompile Include="src\llama-vocab.cpp">
      <Filter>src</Filter>
    </ClCompile>
    <ClCompile Include="src\llama.cpp">
      <Filter>src</Filter>
    </ClCompile>
    <ClCompile Include="src\unicode-data.cpp">
      <Filter>src</Filter>
    </ClCompile>
    <ClCompile Include="src\unicode.cpp">
      <Filter>src</Filter>
    </ClCompile>
    <ClCompile Include="src\models\afmoe.cpp">
      <Filter>src\models</Filter>
    </ClCompile>
    <ClCompile Include="src\models\apertus.cpp">
      <Filter>src\models</Filter>
    </ClCompile>
    <ClCompile Include="src\models\arcee.cpp">
      <Filter>src\models</Filter>
    </ClCompile>
    <ClCompile Include="src\models\arctic.cpp">
      <Filter>src\models</Filter>
    </ClCompile>
    <ClCompile Include="src\models\arwkv7.cpp">
      <Filter>src\models</Filter>
    </ClCompile>
    <ClCompile Include="src\models\baichuan.cpp">
      <Filter>src\models</Filter>
    </ClCompile>
    <ClCompile Include="src\models\bailingmoe.cpp">
      <Filter>src\models</Filter>
    </ClCompile>
    <ClCompile Include="src\models\bailingmoe2.cpp">
      <Filter>src\models</Filter>
    </ClCompile>
    <ClCompile Include="src\models\bert.cpp">
      <Filter>src\models</Filter>
    </ClCompile>
    <ClCompile Include="src\models\bitnet.cpp">
      <Filter>src\models</Filter>
    </ClCompile>
    <ClCompile Include="src\models\bloom.cpp">
      <Filter>src\models</Filter>
    </ClCompile>
    <ClCompile Include="src\models\chameleon.cpp">
      <Filter>src\models</Filter>
    </ClCompile>
    <ClCompile Include="src\models\chatglm.cpp">
      <Filter>src\models</Filter>
    </ClCompile>
    <ClCompile Include="src\models\codeshell.cpp">
      <Filter>src\models</Filter>
    </ClCompile>
    <ClCompile Include="src\models\cogvlm.cpp">
      <Filter>src\models</Filter>
    </ClCompile>
    <ClCompile Include="src\models\cohere2-iswa.cpp">
      <Filter>src\models</Filter>
    </ClCompile>
    <ClCompile Include="src\models\command-r.cpp">
      <Filter>src\models</Filter>
    </ClCompile>
    <ClCompile Include="src\models\dbrx.cpp">
      <Filter>src\models</Filter>
    </ClCompile>
    <ClCompile Include="src\models\deci.cpp">
      <Filter>src\models</Filter>
    </ClCompile>
    <ClCompile Include="src\models\deepseek.cpp">
      <Filter>src\models</Filter>
    </ClCompile>
    <ClCompile Include="src\models\deepseek2.cpp">
      <Filter>src\models</Filter>
    </ClCompile>
    <ClCompile Include="src\models\dots1.cpp">
      <Filter>src\models</Filter>
    </ClCompile>
    <ClCompile Include="src\models\dream.cpp">
      <Filter>src\models</Filter>
    </ClCompile>
    <ClCompile Include="src\models\ernie4-5-moe.cpp">
      <Filter>src\models</Filter>
    </ClCompile>
    <ClCompile Include="src\models\ernie4-5.cpp">
      <Filter>src\models</Filter>
    </ClCompile>
    <ClCompile Include="src\models\exaone.cpp">
      <Filter>src\models</Filter>
    </ClCompile>
    <ClCompile Include="src\models\exaone4.cpp">
      <Filter>src\models</Filter>
    </ClCompile>
    <ClCompile Include="src\models\falcon-h1.cpp">
      <Filter>src\models</Filter>
    </ClCompile>
    <ClCompile Include="src\models\falcon.cpp">
      <Filter>src\models</Filter>
    </ClCompile>
    <ClCompile Include="src\models\gemma-embedding.cpp">
      <Filter>src\models</Filter>
    </ClCompile>
    <ClCompile Include="src\models\gemma.cpp">
      <Filter>src\models</Filter>
    </ClCompile>
    <ClCompile Include="src\models\gemma2-iswa.cpp">
      <Filter>src\models</Filter>
    </ClCompile>
    <ClCompile Include="src\models\gemma3.cpp">
      <Filter>src\models</Filter>
    </ClCompile>
    <ClCompile Include="src\models\gemma3n-iswa.cpp">
      <Filter>src\models</Filter>
    </ClCompile>
    <ClCompile Include="src\models\glm4-moe.cpp">
      <Filter>src\models</Filter>
    </ClCompile>
    <ClCompile Include="src\models\glm4.cpp">
      <Filter>src\models</Filter>
    </ClCompile>
    <ClCompile Include="src\models\gpt2.cpp">
      <Filter>src\models</Filter>
    </ClCompile>
    <ClCompile Include="src\models\gptneox.cpp">
      <Filter>src\models</Filter>
    </ClCompile>
    <ClCompile Include="src\models\granite-hybrid.cpp">
      <Filter>src\models</Filter>
    </ClCompile>
    <ClCompile Include="src\models\granite.cpp">
      <Filter>src\models</Filter>
    </ClCompile>
    <ClCompile Include="src\models\graph-context-mamba.cpp">
      <Filter>src\models</Filter>
    </ClCompile>
    <ClCompile Include="src\models\grok.cpp">
      <Filter>src\models</Filter>
    </ClCompile>
    <ClCompile Include="src\models\grovemoe.cpp">
      <Filter>src\models</Filter>
    </ClCompile>
    <ClCompile Include="src\models\hunyuan-dense.cpp">
      <Filter>src\models</Filter>
    </ClCompile>
    <ClCompile Include="src\models\hunyuan-moe.cpp">
      <Filter>src\models</Filter>
    </ClCompile>
    <ClCompile Include="src\models\internlm2.cpp">
      <Filter>src\models</Filter>
    </ClCompile>
    <ClCompile Include="src\models\jais.cpp">
      <Filter>src\models</Filter>
    </ClCompile>
    <ClCompile Include="src\models\jamba.cpp">
      <Filter>src\models</Filter>
    </ClCompile>
    <ClCompile Include="src\models\lfm2.cpp">
      <Filter>src\models</Filter>
    </ClCompile>
    <ClCompile Include="src\models\llada-moe.cpp">
      <Filter>src\models</Filter>
    </ClCompile>
    <ClCompile Include="src\models\llada.cpp">
      <Filter>src\models</Filter>
    </ClCompile>
    <ClCompile Include="src\models\llama-iswa.cpp">
      <Filter>src\models</Filter>
    </ClCompile>
    <ClCompile Include="src\models\llama.cpp">
      <Filter>src\models</Filter>
    </ClCompile>
    <ClCompile Include="src\models\maincoder.cpp">
      <Filter>src\models</Filter>
    </ClCompile>
    <ClCompile Include="src\models\mamba.cpp">
      <Filter>src\models</Filter>
    </ClCompile>
    <ClCompile Include="src\models\mimo2-iswa.cpp">
      <Filter>src\models</Filter>
    </ClCompile>
    <ClCompile Include="src\models\minicpm3.cpp">
      <Filter>src\models</Filter>
    </ClCompile>
    <ClCompile Include="src\models\minimax-m2.cpp">
      <Filter>src\models</Filter>
    </ClCompile>
    <ClCompile Include="src\models\mistral3.cpp">
      <Filter>src\models</Filter>
    </ClCompile>
    <ClCompile Include="src\models\modern-bert.cpp">
      <Filter>src\models</Filter>
    </ClCompile>
    <ClCompile Include="src\models\mpt.cpp">
      <Filter>src\models</Filter>
    </ClCompile>
    <ClCompile Include="src\models\nemotron-h.cpp">
      <Filter>src\models</Filter>
    </ClCompile>
    <ClCompile Include="src\models\nemotron.cpp">
      <Filter>src\models</Filter>
    </ClCompile>
    <ClCompile Include="src\models\neo-bert.cpp">
      <Filter>src\models</Filter>
    </ClCompile>
    <ClCompile Include="src\models\olmo.cpp">
      <Filter>src\models</Filter>
    </ClCompile>
    <ClCompile Include="src\models\olmo2.cpp">
      <Filter>src\models</Filter>
    </ClCompile>
    <ClCompile Include="src\models\olmoe.cpp">
      <Filter>src\models</Filter>
    </ClCompile>
    <ClCompile Include="src\models\openai-moe-iswa.cpp">
      <Filter>src\models</Filter>
    </ClCompile>
    <ClCompile Include="src\models\openelm.cpp">
      <Filter>src\models</Filter>
    </ClCompile>
    <ClCompile Include="src\models\orion.cpp">
      <Filter>src\models</Filter>
    </ClCompile>
    <ClCompile Include="src\models\pangu-embedded.cpp">
      <Filter>src\models</Filter>
    </ClCompile>
    <ClCompile Include="src\models\phi2.cpp">
      <Filter>src\models</Filter>
    </ClCompile>
    <ClCompile Include="src\models\phi3.cpp">
      <Filter>src\models</Filter>
    </ClCompile>
    <ClCompile Include="src\models\plamo.cpp">
      <Filter>src\models</Filter>
    </ClCompile>
    <ClCompile Include="src\models\plamo2.cpp">
      <Filter>src\models</Filter>
    </ClCompile>
    <ClCompile Include="src\models\plamo3.cpp">
      <Filter>src\models</Filter>
    </ClCompile>
    <ClCompile Include="src\models\plm.cpp">
      <Filter>src\models</Filter>
    </ClCompile>
    <ClCompile Include="src\models\qwen.cpp">
      <Filter>src\models</Filter>
    </ClCompile>
    <ClCompile Include="src\models\qwen2.cpp">
      <Filter>src\models</Filter>
    </ClCompile>
    <ClCompile Include="src\models\qwen2moe.cpp">
      <Filter>src\models</Filter>
    </ClCompile>
    <ClCompile Include="src\models\qwen2vl.cpp">
      <Filter>src\models</Filter>
    </ClCompile>
    <ClCompile Include="src\models\qwen3.cpp">
      <Filter>src\models</Filter>
    </ClCompile>
    <ClCompile Include="src\models\qwen3moe.cpp">
      <Filter>src\models</Filter>
    </ClCompile>
    <ClCompile Include="src\models\qwen3next.cpp">
      <Filter>src\models</Filter>
    </ClCompile>
    <ClCompile Include="src\models\qwen3vl-moe.cpp">
      <Filter>src\models</Filter>
    </ClCompile>
    <ClCompile Include="src\models\qwen3vl.cpp">
      <Filter>src\models</Filter>
    </ClCompile>
    <ClCompile Include="src\models\refact.cpp">
      <Filter>src\models</Filter>
    </ClCompile>
    <ClCompile Include="src\models\rnd1.cpp">
      <Filter>src\models</Filter>
    </ClCompile>
    <ClCompile Include="src\models\rwkv6-base.cpp">
      <Filter>src\models</Filter>
    </ClCompile>
    <ClCompile Include="src\models\rwkv6.cpp">
      <Filter>src\models</Filter>
    </ClCompile>
    <ClCompile Include="src\models\rwkv6qwen2.cpp">
      <Filter>src\models</Filter>
    </ClCompile>
    <ClCompile Include="src\models\rwkv7-base.cpp">
      <Filter>src\models</Filter>
    </ClCompile>
    <ClCompile Include="src\models\rwkv7.cpp">
      <Filter>src\models</Filter>
    </ClCompile>
    <ClCompile Include="src\models\seed-oss.cpp">
      <Filter>src\models</Filter>
    </ClCompile>
    <ClCompile Include="src\models\smallthinker.cpp">
      <Filter>src\models</Filter>
    </ClCompile>
    <ClCompile Include="src\models\smollm3.cpp">
      <Filter>src\models</Filter>
    </ClCompile>
    <ClCompile Include="src\models\stablelm.cpp">
      <Filter>src\models</Filter>
    </ClCompile>
    <ClCompile Include="src\models\starcoder.cpp">
      <Filter>src\models</Filter>
    </ClCompile>
    <ClCompile Include="src\models\starcoder2.cpp">
      <Filter>src\models</Filter>
    </ClCompile>
    <ClCompile Include="src\models\t5-dec.cpp">
      <Filter>src\models</Filter>
    </ClCompile>
    <ClCompile Include="src\models\t5-enc.cpp">
      <Filter>src\models</Filter>
    </ClCompile>
    <ClCompile Include="src\models\wavtokenizer-dec.cpp">
      <Filter>src\models</Filter>
    </ClCompile>
    <ClCompile Include="src\models\xverse.cpp">
      <Filter>src\models</Filter>
    </ClCompile>
    <ClCompile Include="ggml\src\ggml.c">
      <Filter>ggml</Filter>
    </ClCompile>
    <ClCompile Include="ggml\src\ggml.cpp">
      <Filter>ggml</Filter>
    </ClCompile>
    <ClCompile Include="ggml\src\ggml-alloc.c">
      <Filter>ggml</Filter>
    </ClCompile>
    <ClCompile Include="ggml\src\ggml-backend.cpp">
      <Filter>ggml</Filter>
    </ClCompile>
    <ClCompile Include="ggml\src\ggml-backend-reg.cpp">
      <Filter>ggml</Filter>
    </ClCompile>
    <ClCompile Include="ggml\src\ggml-opt.cpp">
      <Filter>ggml</Filter>
    </ClCompile>
    <ClCompile Include="ggml\src\ggml-quants.c">
      <Filter>ggml</Filter>
    </ClCompile>
    <ClCompile Include="ggml\src\ggml-threading.cpp">
      <Filter>ggml</Filter>
    </ClCompile>
    <ClCompile Include="ggml\src\gguf.cpp">
      <Filter>ggml</Filter>
    </ClCompile>
    <ClCompile Include="ggml\src\ggml-cpu\ggml-cpu.c">
      <Filter>ggml\cpu</Filter>
    </ClCompile>
    <ClCompile Include="ggml\src\ggml-cpu\ggml-cpu.cpp">
      <Filter>ggml\cpu</Filter>
    </ClCompile>
    <ClCompile Include="ggml\src\ggml-cpu\binary-ops.cpp">
      <Filter>ggml\cpu</Filter>
    </ClCompile>
    <ClCompile Include="ggml\src\ggml-cpu\unary-ops.cpp">
      <Filter>ggml\cpu</Filter>
    </ClCompile>
    <ClCompile Include="ggml\src\ggml-cpu\vec.cpp">
      <Filter>ggml\cpu</Filter>
    </ClCompile>
    <ClCompile Include="ggml\src\ggml-cpu\ops.cpp">
      <Filter>ggml\cpu</Filter>
    </ClCompile>
    <ClCompile Include="ggml\src\ggml-cpu\quants.c">
      <Filter>ggml\cpu</Filter>
    </ClCompile>
    <ClCompile Include="ggml\src\ggml-cpu\repack.cpp">
      <Filter>ggml\cpu</Filter>
    </ClCompile>
    <ClCompile Include="ggml\src\ggml-cpu\traits.cpp">
      <Filter>ggml\cpu</Filter>
    </ClCompile>
    <ClCompile Include="ggml\src\ggml-cpu\hbm.cpp">
      <Filter>ggml\cpu</Filter>
    </ClCompile>
    <ClCompile Include="ggml\src\ggml-cpu\arch\x86\cpu-feats.cpp">
      <Filter>ggml\cpu\x86</Filter>
    </ClCompile>
    <ClCompile Include="ggml\src\ggml-cpu\arch\x86\quants.c">
      <Filter>ggml\cpu\x86</Filter>
    </ClCompile>
    <ClCompile Include="ggml\src\ggml-cpu\arch\x86\repack.cpp">
      <Filter>ggml\cpu\x86</Filter>
    </ClCompile>
    <ClCompile Include="ggml\src\ggml-cpu\amx\amx.cpp">
      <Filter>ggml\cpu\amx</Filter>
    </ClCompile>
    <ClCompile Include="ggml\src\ggml-cpu\amx\mmq.cpp">
      <Filter>ggml\cpu\amx</Filter>
    </ClCompile>
    <ClCompile Include="ggml\src\ggml-cpu\llamafile\sgemm.cpp">
      <Filter>ggml\cpu\llamafile</Filter>
    </ClCompile>
    <ClCompile Include="ggml\src\ggml-vulkan\ggml-vulkan.cpp">
      <Filter>ggml\vulkan</Filter>
    </ClCompile>
    <ClCompile Include="ggml\src\ggml-vulkan\generated\abs.comp.cpp"><Filter>ggml\vulkan\generated</Filter></ClCompile>
    <ClCompile Include="ggml\src\ggml-vulkan\generated\acc.comp.cpp"><Filter>ggml\vulkan\generated</Filter></ClCompile>
    <ClCompile Include="ggml\src\ggml-vulkan\generated\add.comp.cpp"><Filter>ggml\vulkan\generated</Filter></ClCompile>
    <ClCompile Include="ggml\src\ggml-vulkan\generated\add1.comp.cpp"><Filter>ggml\vulkan\generated</Filter></ClCompile>
    <ClCompile Include="ggml\src\ggml-vulkan\generated\add_id.comp.cpp"><Filter>ggml\vulkan\generated</Filter></ClCompile>
    <ClCompile Include="ggml\src\ggml-vulkan\generated\arange.comp.cpp"><Filter>ggml\vulkan\generated</Filter></ClCompile>
    <ClCompile Include="ggml\src\ggml-vulkan\generated\argmax.comp.cpp"><Filter>ggml\vulkan\generated</Filter></ClCompile>
    <ClCompile Include="ggml\src\ggml-vulkan\generated\argsort.comp.cpp"><Filter>ggml\vulkan\generated</Filter></ClCompile>
    <ClCompile Include="ggml\src\ggml-vulkan\generated\argsort_large.comp.cpp"><Filter>ggml\vulkan\generated</Filter></ClCompile>
    <ClCompile Include="ggml\src\ggml-vulkan\generated\ceil.comp.cpp"><Filter>ggml\vulkan\generated</Filter></ClCompile>
    <ClCompile Include="ggml\src\ggml-vulkan\generated\clamp.comp.cpp"><Filter>ggml\vulkan\generated</Filter></ClCompile>
    <ClCompile Include="ggml\src\ggml-vulkan\generated\concat.comp.cpp"><Filter>ggml\vulkan\generated</Filter></ClCompile>
    <ClCompile Include="ggml\src\ggml-vulkan\generated\contig_copy.comp.cpp"><Filter>ggml\vulkan\generated</Filter></ClCompile>
    <ClCompile Include="ggml\src\ggml-vulkan\generated\conv_transpose_1d.comp.cpp"><Filter>ggml\vulkan\generated</Filter></ClCompile>
    <ClCompile Include="ggml\src\ggml-vulkan\generated\conv2d_dw.comp.cpp"><Filter>ggml\vulkan\generated</Filter></ClCompile>
    <ClCompile Include="ggml\src\ggml-vulkan\generated\conv2d_mm.comp.cpp"><Filter>ggml\vulkan\generated</Filter></ClCompile>
    <ClCompile Include="ggml\src\ggml-vulkan\generated\copy.comp.cpp"><Filter>ggml\vulkan\generated</Filter></ClCompile>
    <ClCompile Include="ggml\src\ggml-vulkan\generated\copy_from_quant.comp.cpp"><Filter>ggml\vulkan\generated</Filter></ClCompile>
    <ClCompile Include="ggml\src\ggml-vulkan\generated\copy_to_quant.comp.cpp"><Filter>ggml\vulkan\generated</Filter></ClCompile>
    <ClCompile Include="ggml\src\ggml-vulkan\generated\copy_transpose.comp.cpp"><Filter>ggml\vulkan\generated</Filter></ClCompile>
    <ClCompile Include="ggml\src\ggml-vulkan\generated\cos.comp.cpp"><Filter>ggml\vulkan\generated</Filter></ClCompile>
    <ClCompile Include="ggml\src\ggml-vulkan\generated\count_equal.comp.cpp"><Filter>ggml\vulkan\generated</Filter></ClCompile>
    <ClCompile Include="ggml\src\ggml-vulkan\generated\count_experts.comp.cpp"><Filter>ggml\vulkan\generated</Filter></ClCompile>
    <ClCompile Include="ggml\src\ggml-vulkan\generated\cumsum.comp.cpp"><Filter>ggml\vulkan\generated</Filter></ClCompile>
    <ClCompile Include="ggml\src\ggml-vulkan\generated\cumsum_multipass1.comp.cpp"><Filter>ggml\vulkan\generated</Filter></ClCompile>
    <ClCompile Include="ggml\src\ggml-vulkan\generated\cumsum_multipass2.comp.cpp"><Filter>ggml\vulkan\generated</Filter></ClCompile>
    <ClCompile Include="ggml\src\ggml-vulkan\generated\dequant_f32.comp.cpp"><Filter>ggml\vulkan\generated</Filter></ClCompile>
    <ClCompile Include="ggml\src\ggml-vulkan\generated\dequant_iq1_m.comp.cpp"><Filter>ggml\vulkan\generated</Filter></ClCompile>
    <ClCompile Include="ggml\src\ggml-vulkan\generated\dequant_iq1_s.comp.cpp"><Filter>ggml\vulkan\generated</Filter></ClCompile>
    <ClCompile Include="ggml\src\ggml-vulkan\generated\dequant_iq2_s.comp.cpp"><Filter>ggml\vulkan\generated</Filter></ClCompile>
    <ClCompile Include="ggml\src\ggml-vulkan\generated\dequant_iq2_xs.comp.cpp"><Filter>ggml\vulkan\generated</Filter></ClCompile>
    <ClCompile Include="ggml\src\ggml-vulkan\generated\dequant_iq2_xxs.comp.cpp"><Filter>ggml\vulkan\generated</Filter></ClCompile>
    <ClCompile Include="ggml\src\ggml-vulkan\generated\dequant_iq3_s.comp.cpp"><Filter>ggml\vulkan\generated</Filter></ClCompile>
    <ClCompile Include="ggml\src\ggml-vulkan\generated\dequant_iq3_xxs.comp.cpp"><Filter>ggml\vulkan\generated</Filter></ClCompile>
    <ClCompile Include="ggml\src\ggml-vulkan\generated\dequant_iq4_nl.comp.cpp"><Filter>ggml\vulkan\generated</Filter></ClCompile>
    <ClCompile Include="ggml\src\ggml-vulkan\generated\dequant_iq4_xs.comp.cpp"><Filter>ggml\vulkan\generated</Filter></ClCompile>
    <ClCompile Include="ggml\src\ggml-vulkan\generated\dequant_mxfp4.comp.cpp"><Filter>ggml\vulkan\generated</Filter></ClCompile>
    <ClCompile Include="ggml\src\ggml-vulkan\generated\dequant_q2_k.comp.cpp"><Filter>ggml\vulkan\generated</Filter></ClCompile>
    <ClCompile Include="ggml\src\ggml-vulkan\generated\dequant_q3_k.comp.cpp"><Filter>ggml\vulkan\generated</Filter></ClCompile>
    <ClCompile Include="ggml\src\ggml-vulkan\generated\dequant_q4_0.comp.cpp"><Filter>ggml\vulkan\generated</Filter></ClCompile>
    <ClCompile Include="ggml\src\ggml-vulkan\generated\dequant_q4_1.comp.cpp"><Filter>ggml\vulkan\generated</Filter></ClCompile>
    <ClCompile Include="ggml\src\ggml-vulkan\generated\dequant_q4_k.comp.cpp"><Filter>ggml\vulkan\generated</Filter></ClCompile>
    <ClCompile Include="ggml\src\ggml-vulkan\generated\dequant_q5_0.comp.cpp"><Filter>ggml\vulkan\generated</Filter></ClCompile>
    <ClCompile Include="ggml\src\ggml-vulkan\generated\dequant_q5_1.comp.cpp"><Filter>ggml\vulkan\generated</Filter></ClCompile>
    <ClCompile Include="ggml\src\ggml-vulkan\generated\dequant_q5_k.comp.cpp"><Filter>ggml\vulkan\generated</Filter></ClCompile>
    <ClCompile Include="ggml\src\ggml-vulkan\generated\dequant_q6_k.comp.cpp"><Filter>ggml\vulkan\generated</Filter></ClCompile>
    <ClCompile Include="ggml\src\ggml-vulkan\generated\dequant_q8_0.comp.cpp"><Filter>ggml\vulkan\generated</Filter></ClCompile>
    <ClCompile Include="ggml\src\ggml-vulkan\generated\diag.comp.cpp"><Filter>ggml\vulkan\generated</Filter></ClCompile>
    <ClCompile Include="ggml\src\ggml-vulkan\generated\diag_mask_inf.comp.cpp"><Filter>ggml\vulkan\generated</Filter></ClCompile>
    <ClCompile Include="ggml\src\ggml-vulkan\generated\div.comp.cpp"><Filter>ggml\vulkan\generated</Filter></ClCompile>
    <ClCompile Include="ggml\src\ggml-vulkan\generated\exp.comp.cpp"><Filter>ggml\vulkan\generated</Filter></ClCompile>
    <ClCompile Include="ggml\src\ggml-vulkan\generated\fill.comp.cpp"><Filter>ggml\vulkan\generated</Filter></ClCompile>
    <ClCompile Include="ggml\src\ggml-vulkan\generated\flash_attn.comp.cpp"><Filter>ggml\vulkan\generated</Filter></ClCompile>
    <ClCompile Include="ggml\src\ggml-vulkan\generated\flash_attn_cm1.comp.cpp"><Filter>ggml\vulkan\generated</Filter></ClCompile>
    <ClCompile Include="ggml\src\ggml-vulkan\generated\flash_attn_cm2.comp.cpp"><Filter>ggml\vulkan\generated</Filter></ClCompile>
    <ClCompile Include="ggml\src\ggml-vulkan\generated\flash_attn_split_k_reduce.comp.cpp"><Filter>ggml\vulkan\generated</Filter></ClCompile>
    <ClCompile Include="ggml\src\ggml-vulkan\generated\floor.comp.cpp"><Filter>ggml\vulkan\generated</Filter></ClCompile>
    <ClCompile Include="ggml\src\ggml-vulkan\generated\geglu.comp.cpp"><Filter>ggml\vulkan\generated</Filter></ClCompile>
    <ClCompile Include="ggml\src\ggml-vulkan\generated\geglu_erf.comp.cpp"><Filter>ggml\vulkan\generated</Filter></ClCompile>
    <ClCompile Include="ggml\src\ggml-vulkan\generated\geglu_quick.comp.cpp"><Filter>ggml\vulkan\generated</Filter></ClCompile>
    <ClCompile Include="ggml\src\ggml-vulkan\generated\gelu.comp.cpp"><Filter>ggml\vulkan\generated</Filter></ClCompile>
    <ClCompile Include="ggml\src\ggml-vulkan\generated\gelu_erf.comp.cpp"><Filter>ggml\vulkan\generated</Filter></ClCompile>
    <ClCompile Include="ggml\src\ggml-vulkan\generated\gelu_quick.comp.cpp"><Filter>ggml\vulkan\generated</Filter></ClCompile>
    <ClCompile Include="ggml\src\ggml-vulkan\generated\get_rows.comp.cpp"><Filter>ggml\vulkan\generated</Filter></ClCompile>
    <ClCompile Include="ggml\src\ggml-vulkan\generated\get_rows_quant.comp.cpp"><Filter>ggml\vulkan\generated</Filter></ClCompile>
    <ClCompile Include="ggml\src\ggml-vulkan\generated\group_norm.comp.cpp"><Filter>ggml\vulkan\generated</Filter></ClCompile>
    <ClCompile Include="ggml\src\ggml-vulkan\generated\hardsigmoid.comp.cpp"><Filter>ggml\vulkan\generated</Filter></ClCompile>
    <ClCompile Include="ggml\src\ggml-vulkan\generated\hardswish.comp.cpp"><Filter>ggml\vulkan\generated</Filter></ClCompile>
    <ClCompile Include="ggml\src\ggml-vulkan\generated\im2col.comp.cpp"><Filter>ggml\vulkan\generated</Filter></ClCompile>
    <ClCompile Include="ggml\src\ggml-vulkan\generated\im2col_3d.comp.cpp"><Filter>ggml\vulkan\generated</Filter></ClCompile>
    <ClCompile Include="ggml\src\ggml-vulkan\generated\l2_norm.comp.cpp"><Filter>ggml\vulkan\generated</Filter></ClCompile>
    <ClCompile Include="ggml\src\ggml-vulkan\generated\leaky_relu.comp.cpp"><Filter>ggml\vulkan\generated</Filter></ClCompile>
    <ClCompile Include="ggml\src\ggml-vulkan\generated\log.comp.cpp"><Filter>ggml\vulkan\generated</Filter></ClCompile>
    <ClCompile Include="ggml\src\ggml-vulkan\generated\mul.comp.cpp"><Filter>ggml\vulkan\generated</Filter></ClCompile>
    <ClCompile Include="ggml\src\ggml-vulkan\generated\mul_mat_split_k_reduce.comp.cpp"><Filter>ggml\vulkan\generated</Filter></ClCompile>
    <ClCompile Include="ggml\src\ggml-vulkan\generated\mul_mat_vec.comp.cpp"><Filter>ggml\vulkan\generated</Filter></ClCompile>
    <ClCompile Include="ggml\src\ggml-vulkan\generated\mul_mat_vec_iq1_m.comp.cpp"><Filter>ggml\vulkan\generated</Filter></ClCompile>
    <ClCompile Include="ggml\src\ggml-vulkan\generated\mul_mat_vec_iq1_s.comp.cpp"><Filter>ggml\vulkan\generated</Filter></ClCompile>
    <ClCompile Include="ggml\src\ggml-vulkan\generated\mul_mat_vec_iq2_s.comp.cpp"><Filter>ggml\vulkan\generated</Filter></ClCompile>
    <ClCompile Include="ggml\src\ggml-vulkan\generated\mul_mat_vec_iq2_xs.comp.cpp"><Filter>ggml\vulkan\generated</Filter></ClCompile>
    <ClCompile Include="ggml\src\ggml-vulkan\generated\mul_mat_vec_iq2_xxs.comp.cpp"><Filter>ggml\vulkan\generated</Filter></ClCompile>
    <ClCompile Include="ggml\src\ggml-vulkan\generated\mul_mat_vec_iq3_s.comp.cpp"><Filter>ggml\vulkan\generated</Filter></ClCompile>
    <ClCompile Include="ggml\src\ggml-vulkan\generated\mul_mat_vec_iq3_xxs.comp.cpp"><Filter>ggml\vulkan\generated</Filter></ClCompile>
    <ClCompile Include="ggml\src\ggml-vulkan\generated\mul_mat_vec_nc.comp.cpp"><Filter>ggml\vulkan\generated</Filter></ClCompile>
    <ClCompile Include="ggml\src\ggml-vulkan\generated\mul_mat_vec_p021.comp.cpp"><Filter>ggml\vulkan\generated</Filter></ClCompile>
    <ClCompile Include="ggml\src\ggml-vulkan\generated\mul_mat_vec_q2_k.comp.cpp"><Filter>ggml\vulkan\generated</Filter></ClCompile>
    <ClCompile Include="ggml\src\ggml-vulkan\generated\mul_mat_vec_q3_k.comp.cpp"><Filter>ggml\vulkan\generated</Filter></ClCompile>
    <ClCompile Include="ggml\src\ggml-vulkan\generated\mul_mat_vec_q4_k.comp.cpp"><Filter>ggml\vulkan\generated</Filter></ClCompile>
    <ClCompile Include="ggml\src\ggml-vulkan\generated\mul_mat_vec_q5_k.comp.cpp"><Filter>ggml\vulkan\generated</Filter></ClCompile>
    <ClCompile Include="ggml\src\ggml-vulkan\generated\mul_mat_vec_q6_k.comp.cpp"><Filter>ggml\vulkan\generated</Filter></ClCompile>
    <ClCompile Include="ggml\src\ggml-vulkan\generated\mul_mat_vecq.comp.cpp"><Filter>ggml\vulkan\generated</Filter></ClCompile>
    <ClCompile Include="ggml\src\ggml-vulkan\generated\mul_mm.comp.cpp"><Filter>ggml\vulkan\generated</Filter></ClCompile>
    <ClCompile Include="ggml\src\ggml-vulkan\generated\mul_mm_cm2.comp.cpp"><Filter>ggml\vulkan\generated</Filter></ClCompile>
    <ClCompile Include="ggml\src\ggml-vulkan\generated\mul_mmq.comp.cpp"><Filter>ggml\vulkan\generated</Filter></ClCompile>
    <ClCompile Include="ggml\src\ggml-vulkan\generated\multi_add.comp.cpp"><Filter>ggml\vulkan\generated</Filter></ClCompile>
    <ClCompile Include="ggml\src\ggml-vulkan\generated\neg.comp.cpp"><Filter>ggml\vulkan\generated</Filter></ClCompile>
    <ClCompile Include="ggml\src\ggml-vulkan\generated\norm.comp.cpp"><Filter>ggml\vulkan\generated</Filter></ClCompile>
    <ClCompile Include="ggml\src\ggml-vulkan\generated\opt_step_adamw.comp.cpp"><Filter>ggml\vulkan\generated</Filter></ClCompile>
    <ClCompile Include="ggml\src\ggml-vulkan\generated\opt_step_sgd.comp.cpp"><Filter>ggml\vulkan\generated</Filter></ClCompile>
    <ClCompile Include="ggml\src\ggml-vulkan\generated\pad.comp.cpp"><Filter>ggml\vulkan\generated</Filter></ClCompile>
    <ClCompile Include="ggml\src\ggml-vulkan\generated\pool2d.comp.cpp"><Filter>ggml\vulkan\generated</Filter></ClCompile>
    <ClCompile Include="ggml\src\ggml-vulkan\generated\quantize_q8_1.comp.cpp"><Filter>ggml\vulkan\generated</Filter></ClCompile>
    <ClCompile Include="ggml\src\ggml-vulkan\generated\reglu.comp.cpp"><Filter>ggml\vulkan\generated</Filter></ClCompile>
    <ClCompile Include="ggml\src\ggml-vulkan\generated\relu.comp.cpp"><Filter>ggml\vulkan\generated</Filter></ClCompile>
    <ClCompile Include="ggml\src\ggml-vulkan\generated\repeat.comp.cpp"><Filter>ggml\vulkan\generated</Filter></ClCompile>
    <ClCompile Include="ggml\src\ggml-vulkan\generated\repeat_back.comp.cpp"><Filter>ggml\vulkan\generated</Filter></ClCompile>
    <ClCompile Include="ggml\src\ggml-vulkan\generated\rms_norm.comp.cpp"><Filter>ggml\vulkan\generated</Filter></ClCompile>
    <ClCompile Include="ggml\src\ggml-vulkan\generated\rms_norm_back.comp.cpp"><Filter>ggml\vulkan\generated</Filter></ClCompile>
    <ClCompile Include="ggml\src\ggml-vulkan\generated\rms_norm_partials.comp.cpp"><Filter>ggml\vulkan\generated</Filter></ClCompile>
    <ClCompile Include="ggml\src\ggml-vulkan\generated\roll.comp.cpp"><Filter>ggml\vulkan\generated</Filter></ClCompile>
    <ClCompile Include="ggml\src\ggml-vulkan\generated\rope_multi.comp.cpp"><Filter>ggml\vulkan\generated</Filter></ClCompile>
    <ClCompile Include="ggml\src\ggml-vulkan\generated\rope_neox.comp.cpp"><Filter>ggml\vulkan\generated</Filter></ClCompile>
    <ClCompile Include="ggml\src\ggml-vulkan\generated\rope_norm.comp.cpp"><Filter>ggml\vulkan\generated</Filter></ClCompile>
    <ClCompile Include="ggml\src\ggml-vulkan\generated\rope_vision.comp.cpp"><Filter>ggml\vulkan\generated</Filter></ClCompile>
    <ClCompile Include="ggml\src\ggml-vulkan\generated\round.comp.cpp"><Filter>ggml\vulkan\generated</Filter></ClCompile>
    <ClCompile Include="ggml\src\ggml-vulkan\generated\scale.comp.cpp"><Filter>ggml\vulkan\generated</Filter></ClCompile>
    <ClCompile Include="ggml\src\ggml-vulkan\generated\sigmoid.comp.cpp"><Filter>ggml\vulkan\generated</Filter></ClCompile>
    <ClCompile Include="ggml\src\ggml-vulkan\generated\silu.comp.cpp"><Filter>ggml\vulkan\generated</Filter></ClCompile>
    <ClCompile Include="ggml\src\ggml-vulkan\generated\silu_back.comp.cpp"><Filter>ggml\vulkan\generated</Filter></ClCompile>
    <ClCompile Include="ggml\src\ggml-vulkan\generated\sin.comp.cpp"><Filter>ggml\vulkan\generated</Filter></ClCompile>
    <ClCompile Include="ggml\src\ggml-vulkan\generated\soft_max.comp.cpp"><Filter>ggml\vulkan\generated</Filter></ClCompile>
    <ClCompile Include="ggml\src\ggml-vulkan\generated\soft_max_back.comp.cpp"><Filter>ggml\vulkan\generated</Filter></ClCompile>
    <ClCompile Include="ggml\src\ggml-vulkan\generated\soft_max_large1.comp.cpp"><Filter>ggml\vulkan\generated</Filter></ClCompile>
    <ClCompile Include="ggml\src\ggml-vulkan\generated\soft_max_large2.comp.cpp"><Filter>ggml\vulkan\generated</Filter></ClCompile>
    <ClCompile Include="ggml\src\ggml-vulkan\generated\soft_max_large3.comp.cpp"><Filter>ggml\vulkan\generated</Filter></ClCompile>
    <ClCompile Include="ggml\src\ggml-vulkan\generated\softplus.comp.cpp"><Filter>ggml\vulkan\generated</Filter></ClCompile>
    <ClCompile Include="ggml\src\ggml-vulkan\generated\solve_tri.comp.cpp"><Filter>ggml\vulkan\generated</Filter></ClCompile>
    <ClCompile Include="ggml\src\ggml-vulkan\generated\sqrt.comp.cpp"><Filter>ggml\vulkan\generated</Filter></ClCompile>
    <ClCompile Include="ggml\src\ggml-vulkan\generated\square.comp.cpp"><Filter>ggml\vulkan\generated</Filter></ClCompile>
    <ClCompile Include="ggml\src\ggml-vulkan\generated\ssm_conv.comp.cpp"><Filter>ggml\vulkan\generated</Filter></ClCompile>
    <ClCompile Include="ggml\src\ggml-vulkan\generated\ssm_scan.comp.cpp"><Filter>ggml\vulkan\generated</Filter></ClCompile>
    <ClCompile Include="ggml\src\ggml-vulkan\generated\step.comp.cpp"><Filter>ggml\vulkan\generated</Filter></ClCompile>
    <ClCompile Include="ggml\src\ggml-vulkan\generated\sub.comp.cpp"><Filter>ggml\vulkan\generated</Filter></ClCompile>
    <ClCompile Include="ggml\src\ggml-vulkan\generated\sum_rows.comp.cpp"><Filter>ggml\vulkan\generated</Filter></ClCompile>
    <ClCompile Include="ggml\src\ggml-vulkan\generated\swiglu.comp.cpp"><Filter>ggml\vulkan\generated</Filter></ClCompile>
    <ClCompile Include="ggml\src\ggml-vulkan\generated\swiglu_oai.comp.cpp"><Filter>ggml\vulkan\generated</Filter></ClCompile>
    <ClCompile Include="ggml\src\ggml-vulkan\generated\tanh.comp.cpp"><Filter>ggml\vulkan\generated</Filter></ClCompile>
    <ClCompile Include="ggml\src\ggml-vulkan\generated\timestep_embedding.comp.cpp"><Filter>ggml\vulkan\generated</Filter></ClCompile>
    <ClCompile Include="ggml\src\ggml-vulkan\generated\topk_argsort.comp.cpp"><Filter>ggml\vulkan\generated</Filter></ClCompile>
    <ClCompile Include="ggml\src\ggml-vulkan\generated\topk_moe.comp.cpp"><Filter>ggml\vulkan\generated</Filter></ClCompile>
    <ClCompile Include="ggml\src\ggml-vulkan\generated\topk_nary_search.comp.cpp"><Filter>ggml\vulkan\generated</Filter></ClCompile>
    <ClCompile Include="ggml\src\ggml-vulkan\generated\tri.comp.cpp"><Filter>ggml\vulkan\generated</Filter></ClCompile>
    <ClCompile Include="ggml\src\ggml-vulkan\generated\trunc.comp.cpp"><Filter>ggml\vulkan\generated</Filter></ClCompile>
    <ClCompile Include="ggml\src\ggml-vulkan\generated\upscale.comp.cpp"><Filter>ggml\vulkan\generated</Filter></ClCompile>
    <ClCompile Include="ggml\src\ggml-vulkan\generated\wkv6.comp.cpp"><Filter>ggml\vulkan\generated</Filter></ClCompile>
    <ClCompile Include="ggml\src\ggml-vulkan\generated\wkv7.comp.cpp"><Filter>ggml\vulkan\generated</Filter></ClCompile>
    <ClCompile Include="ggml\src\ggml-vulkan\generated\xielu.comp.cpp"><Filter>ggml\vulkan\generated</Filter></ClCompile>
  </ItemGroup>
  <ItemGroup>
    <ClInclude Include="include\llama.h">
      <Filter>include</Filter>
    </ClInclude>
    <ClInclude Include="include\llama-cpp.h">
      <Filter>include</Filter>
    </ClInclude>
    <ClInclude Include="ggml\include\ggml.h">
      <Filter>ggml\include</Filter>
    </ClInclude>
    <ClInclude Include="ggml\include\ggml-alloc.h">
      <Filter>ggml\include</Filter>
    </ClInclude>
    <ClInclude Include="ggml\include\ggml-backend.h">
      <Filter>ggml\include</Filter>
    </ClInclude>
    <ClInclude Include="ggml\include\ggml-cpu.h">
      <Filter>ggml\include</Filter>
    </ClInclude>
    <ClInclude Include="ggml\include\ggml-opt.h">
      <Filter>ggml\include</Filter>
    </ClInclude>
    <ClInclude Include="ggml\include\gguf.h">
      <Filter>ggml\include</Filter>
    </ClInclude>
  </ItemGroup>
  <ItemGroup>
    <Filter Include="ggml">
      <UniqueIdentifier>{DEA058DA-71B1-482C-BAFD-2E589BC209EB}</UniqueIdentifier>
    </Filter>
    <Filter Include="ggml\cpu">
      <UniqueIdentifier>{B812BF10-68C8-4A09-86E5-87AD0C2185B7}</UniqueIdentifier>
    </Filter>
    <Filter Include="ggml\cpu\amx">
      <UniqueIdentifier>{38C67C64-1358-45C2-A913-4A93E51F905B}</UniqueIdentifier>
    </Filter>
    <Filter Include="ggml\cpu\llamafile">
      <UniqueIdentifier>{819DAAF0-65D6-4F71-A7D9-292D33D7549A}</UniqueIdentifier>
    </Filter>
    <Filter Include="ggml\cpu\x86">
      <UniqueIdentifier>{860EFDBF-0266-4E96-A1F5-A091881FF373}</UniqueIdentifier>
    </Filter>
    <Filter Include="ggml\include">
      <UniqueIdentifier>{8B800A4A-4C3D-4597-953F-4DA19F43F756}</UniqueIdentifier>
    </Filter>
    <Filter Include="include">
      <UniqueIdentifier>{82819725-259A-42BD-9DE7-F0F1CA231BF0}</UniqueIdentifier>
    </Filter>
    <Filter Include="src">
      <UniqueIdentifier>{FF9C672A-4664-466D-BB72-186A76E4060E}</UniqueIdentifier>
    </Filter>
    <Filter Include="src\models">
      <UniqueIdentifier>{DFC27429-A4EF-4000-9AB6-AD5A4F3BCF85}</UniqueIdentifier>
    </Filter>
    <Filter Include="ggml\vulkan">
      <UniqueIdentifier>{A1B2C3D4-E5F6-7890-ABCD-EF1234567890}</UniqueIdentifier>
    </Filter>
    <Filter Include="ggml\vulkan\generated">
      <UniqueIdentifier>{B2C3D4E5-F6A7-8901-BCDE-F12345678901}</UniqueIdentifier>
    </Filter>
  </ItemGroup>
</Project>
